
Microsoft Visual Studio Solution File, Format Version 12.00
# Visual Studio Version 17
VisualStudioVersion = 17.8.34511.84
MinimumVisualStudioVersion = 10.0.40219.1
Project("{FAE04EC0-301F-11D3-BF4B-00C04F79EFBC}") = "PRIMO-COMPITO-BACK--END", "PRIMO-COMPITO-BACK--END\PRIMO-COMPITO-BACK--END.csproj", "{3200E13A-529B-4900-815A-3D5E0A3312BB}"
EndProject
Global
	GlobalSection(SolutionConfigurationPlatforms) = preSolution
		Debug|Any CPU = Debug|Any CPU
		Release|Any CPU = Release|Any CPU
	EndGlobalSection
	GlobalSection(ProjectConfigurationPlatforms) = postSolution
		{3200E13A-529B-4900-815A-3D5E0A3312BB}.Debug|Any CPU.ActiveCfg = Debug|Any CPU
		{3200E13A-529B-4900-815A-3D5E0A3312BB}.Debug|Any CPU.Build.0 = Debug|Any CPU
		{3200E13A-529B-4900-815A-3D5E0A3312BB}.Release|Any CPU.ActiveCfg = Release|Any CPU
		{3200E13A-529B-4900-815A-3D5E0A3312BB}.Release|Any CPU.Build.0 = Release|Any CPU
	EndGlobalSection
	GlobalSection(SolutionProperties) = preSolution
		HideSolutionNode = FALSE
	EndGlobalSection
	GlobalSection(ExtensibilityGlobals) = postSolution
		SolutionGuid = {B6F31390-D31B-4671-90B1-E5D7EC258766}
	EndGlobalSection
EndGlobal
